// !$*UTF8*$!
{
	archiveVersion = 1;
	classes = {
	};
	objectVersion = 46;
	objects = {

/* Begin PBXBuildFile section */
		882F7DC71B2A3286007C090E /* AppDelegate.swift in Sources */ = {isa = PBXBuildFile; fileRef = 882F7DC61B2A3286007C090E /* AppDelegate.swift */; };
		882F7DC91B2A3286007C090E /* ViewController.swift in Sources */ = {isa = PBXBuildFile; fileRef = 882F7DC81B2A3286007C090E /* ViewController.swift */; };
		882F7DCC1B2A3286007C090E /* Main.storyboard in Resources */ = {isa = PBXBuildFile; fileRef = 882F7DCA1B2A3286007C090E /* Main.storyboard */; };
		882F7DCE1B2A3286007C090E /* Assets.xcassets in Resources */ = {isa = PBXBuildFile; fileRef = 882F7DCD1B2A3286007C090E /* Assets.xcassets */; };
		882F7DD11B2A3287007C090E /* LaunchScreen.storyboard in Resources */ = {isa = PBXBuildFile; fileRef = 882F7DCF1B2A3287007C090E /* LaunchScreen.storyboard */; };
		882F7DDC1B2A3287007C090E /* PongWatchTests.swift in Sources */ = {isa = PBXBuildFile; fileRef = 882F7DDB1B2A3287007C090E /* PongWatchTests.swift */; };
		882F7DE71B2A3287007C090E /* PongWatchUITests.swift in Sources */ = {isa = PBXBuildFile; fileRef = 882F7DE61B2A3287007C090E /* PongWatchUITests.swift */; };
		882F7DEC1B2A3287007C090E /* PongWatch WatchKit App.app in Embed Watch Content */ = {isa = PBXBuildFile; fileRef = 882F7DEB1B2A3287007C090E /* PongWatch WatchKit App.app */; };
		882F7DF21B2A3287007C090E /* Interface.storyboard in Resources */ = {isa = PBXBuildFile; fileRef = 882F7DF01B2A3287007C090E /* Interface.storyboard */; };
		882F7DF41B2A3287007C090E /* Assets.xcassets in Resources */ = {isa = PBXBuildFile; fileRef = 882F7DF31B2A3287007C090E /* Assets.xcassets */; };
		882F7DFB1B2A3287007C090E /* PongWatch WatchKit Extension.appex in Embed App Extensions */ = {isa = PBXBuildFile; fileRef = 882F7DFA1B2A3287007C090E /* PongWatch WatchKit Extension.appex */; settings = {ATTRIBUTES = (RemoveHeadersOnCopy, ); }; };
		882F7E021B2A3287007C090E /* InterfaceController.swift in Sources */ = {isa = PBXBuildFile; fileRef = 882F7E011B2A3287007C090E /* InterfaceController.swift */; };
		882F7E041B2A3287007C090E /* ExtensionDelegate.swift in Sources */ = {isa = PBXBuildFile; fileRef = 882F7E031B2A3287007C090E /* ExtensionDelegate.swift */; };
		882F7E061B2A3287007C090E /* NotificationController.swift in Sources */ = {isa = PBXBuildFile; fileRef = 882F7E051B2A3287007C090E /* NotificationController.swift */; };
		882F7E081B2A3287007C090E /* Assets.xcassets in Resources */ = {isa = PBXBuildFile; fileRef = 882F7E071B2A3287007C090E /* Assets.xcassets */; };
		8833A9751B2B9342006EC2B4 /* Utilities.swift in Sources */ = {isa = PBXBuildFile; fileRef = 8833A9741B2B9342006EC2B4 /* Utilities.swift */; };
/* End PBXBuildFile section */

/* Begin PBXContainerItemProxy section */
		882F7DD81B2A3287007C090E /* PBXContainerItemProxy */ = {
			isa = PBXContainerItemProxy;
			containerPortal = 882F7DBB1B2A3286007C090E /* Project object */;
			proxyType = 1;
			remoteGlobalIDString = 882F7DC21B2A3286007C090E;
			remoteInfo = PongWatch;
		};
		882F7DE31B2A3287007C090E /* PBXContainerItemProxy */ = {
			isa = PBXContainerItemProxy;
			containerPortal = 882F7DBB1B2A3286007C090E /* Project object */;
			proxyType = 1;
			remoteGlobalIDString = 882F7DC21B2A3286007C090E;
			remoteInfo = PongWatch;
		};
		882F7DED1B2A3287007C090E /* PBXContainerItemProxy */ = {
			isa = PBXContainerItemProxy;
			containerPortal = 882F7DBB1B2A3286007C090E /* Project object */;
			proxyType = 1;
			remoteGlobalIDString = 882F7DEA1B2A3287007C090E;
			remoteInfo = "PongWatch WatchKit App";
		};
		882F7DFC1B2A3287007C090E /* PBXContainerItemProxy */ = {
			isa = PBXContainerItemProxy;
			containerPortal = 882F7DBB1B2A3286007C090E /* Project object */;
			proxyType = 1;
			remoteGlobalIDString = 882F7DF91B2A3287007C090E;
			remoteInfo = "PongWatch WatchKit Extension";
		};
/* End PBXContainerItemProxy section */

/* Begin PBXCopyFilesBuildPhase section */
		882F7E0F1B2A3287007C090E /* Embed App Extensions */ = {
			isa = PBXCopyFilesBuildPhase;
			buildActionMask = 2147483647;
			dstPath = "";
			dstSubfolderSpec = 13;
			files = (
				882F7DFB1B2A3287007C090E /* PongWatch WatchKit Extension.appex in Embed App Extensions */,
			);
			name = "Embed App Extensions";
			runOnlyForDeploymentPostprocessing = 0;
		};
		882F7E131B2A3287007C090E /* Embed Watch Content */ = {
			isa = PBXCopyFilesBuildPhase;
			buildActionMask = 2147483647;
			dstPath = "$(CONTENTS_FOLDER_PATH)/Watch";
			dstSubfolderSpec = 16;
			files = (
				882F7DEC1B2A3287007C090E /* PongWatch WatchKit App.app in Embed Watch Content */,
			);
			name = "Embed Watch Content";
			runOnlyForDeploymentPostprocessing = 0;
		};
/* End PBXCopyFilesBuildPhase section */

/* Begin PBXFileReference section */
		882F7DC31B2A3286007C090E /* PongWatch.app */ = {isa = PBXFileReference; explicitFileType = wrapper.application; includeInIndex = 0; path = PongWatch.app; sourceTree = BUILT_PRODUCTS_DIR; };
		882F7DC61B2A3286007C090E /* AppDelegate.swift */ = {isa = PBXFileReference; lastKnownFileType = sourcecode.swift; path = AppDelegate.swift; sourceTree = "<group>"; };
		882F7DC81B2A3286007C090E /* ViewController.swift */ = {isa = PBXFileReference; lastKnownFileType = sourcecode.swift; path = ViewController.swift; sourceTree = "<group>"; };
		882F7DCB1B2A3286007C090E /* Base */ = {isa = PBXFileReference; lastKnownFileType = file.storyboard; name = Base; path = Base.lproj/Main.storyboard; sourceTree = "<group>"; };
		882F7DCD1B2A3286007C090E /* Assets.xcassets */ = {isa = PBXFileReference; lastKnownFileType = folder.assetcatalog; path = Assets.xcassets; sourceTree = "<group>"; };
		882F7DD01B2A3287007C090E /* Base */ = {isa = PBXFileReference; lastKnownFileType = file.storyboard; name = Base; path = Base.lproj/LaunchScreen.storyboard; sourceTree = "<group>"; };
		882F7DD21B2A3287007C090E /* Info.plist */ = {isa = PBXFileReference; lastKnownFileType = text.plist.xml; path = Info.plist; sourceTree = "<group>"; };
		882F7DD71B2A3287007C090E /* PongWatchTests.xctest */ = {isa = PBXFileReference; explicitFileType = wrapper.cfbundle; includeInIndex = 0; path = PongWatchTests.xctest; sourceTree = BUILT_PRODUCTS_DIR; };
		882F7DDB1B2A3287007C090E /* PongWatchTests.swift */ = {isa = PBXFileReference; lastKnownFileType = sourcecode.swift; path = PongWatchTests.swift; sourceTree = "<group>"; };
		882F7DDD1B2A3287007C090E /* Info.plist */ = {isa = PBXFileReference; lastKnownFileType = text.plist.xml; path = Info.plist; sourceTree = "<group>"; };
		882F7DE21B2A3287007C090E /* PongWatchUITests.xctest */ = {isa = PBXFileReference; explicitFileType = wrapper.cfbundle; includeInIndex = 0; path = PongWatchUITests.xctest; sourceTree = BUILT_PRODUCTS_DIR; };
		882F7DE61B2A3287007C090E /* PongWatchUITests.swift */ = {isa = PBXFileReference; lastKnownFileType = sourcecode.swift; path = PongWatchUITests.swift; sourceTree = "<group>"; };
		882F7DE81B2A3287007C090E /* Info.plist */ = {isa = PBXFileReference; lastKnownFileType = text.plist.xml; path = Info.plist; sourceTree = "<group>"; };
		882F7DEB1B2A3287007C090E /* PongWatch WatchKit App.app */ = {isa = PBXFileReference; explicitFileType = wrapper.application; includeInIndex = 0; path = "PongWatch WatchKit App.app"; sourceTree = BUILT_PRODUCTS_DIR; };
		882F7DF11B2A3287007C090E /* Base */ = {isa = PBXFileReference; lastKnownFileType = file.storyboard; name = Base; path = Base.lproj/Interface.storyboard; sourceTree = "<group>"; };
		882F7DF31B2A3287007C090E /* Assets.xcassets */ = {isa = PBXFileReference; lastKnownFileType = folder.assetcatalog; path = Assets.xcassets; sourceTree = "<group>"; };
		882F7DF51B2A3287007C090E /* Info.plist */ = {isa = PBXFileReference; lastKnownFileType = text.plist.xml; path = Info.plist; sourceTree = "<group>"; };
		882F7DFA1B2A3287007C090E /* PongWatch WatchKit Extension.appex */ = {isa = PBXFileReference; explicitFileType = "wrapper.app-extension"; includeInIndex = 0; path = "PongWatch WatchKit Extension.appex"; sourceTree = BUILT_PRODUCTS_DIR; };
		882F7E001B2A3287007C090E /* PushNotificationPayload.apns */ = {isa = PBXFileReference; lastKnownFileType = text; path = PushNotificationPayload.apns; sourceTree = "<group>"; };
		882F7E011B2A3287007C090E /* InterfaceController.swift */ = {isa = PBXFileReference; lastKnownFileType = sourcecode.swift; path = InterfaceController.swift; sourceTree = "<group>"; };
		882F7E031B2A3287007C090E /* ExtensionDelegate.swift */ = {isa = PBXFileReference; lastKnownFileType = sourcecode.swift; path = ExtensionDelegate.swift; sourceTree = "<group>"; };
		882F7E051B2A3287007C090E /* NotificationController.swift */ = {isa = PBXFileReference; lastKnownFileType = sourcecode.swift; path = NotificationController.swift; sourceTree = "<group>"; };
		882F7E071B2A3287007C090E /* Assets.xcassets */ = {isa = PBXFileReference; lastKnownFileType = folder.assetcatalog; path = Assets.xcassets; sourceTree = "<group>"; };
		882F7E091B2A3287007C090E /* Info.plist */ = {isa = PBXFileReference; lastKnownFileType = text.plist.xml; path = Info.plist; sourceTree = "<group>"; };
		8833A9741B2B9342006EC2B4 /* Utilities.swift */ = {isa = PBXFileReference; fileEncoding = 4; lastKnownFileType = sourcecode.swift; path = Utilities.swift; sourceTree = "<group>"; };
/* End PBXFileReference section */

/* Begin PBXFrameworksBuildPhase section */
		882F7DC01B2A3286007C090E /* Frameworks */ = {
			isa = PBXFrameworksBuildPhase;
			buildActionMask = 2147483647;
			files = (
			);
			runOnlyForDeploymentPostprocessing = 0;
		};
		882F7DD41B2A3287007C090E /* Frameworks */ = {
			isa = PBXFrameworksBuildPhase;
			buildActionMask = 2147483647;
			files = (
			);
			runOnlyForDeploymentPostprocessing = 0;
		};
		882F7DDF1B2A3287007C090E /* Frameworks */ = {
			isa = PBXFrameworksBuildPhase;
			buildActionMask = 2147483647;
			files = (
			);
			runOnlyForDeploymentPostprocessing = 0;
		};
		882F7DF71B2A3287007C090E /* Frameworks */ = {
			isa = PBXFrameworksBuildPhase;
			buildActionMask = 2147483647;
			files = (
			);
			runOnlyForDeploymentPostprocessing = 0;
		};
/* End PBXFrameworksBuildPhase section */

/* Begin PBXGroup section */
		882F7DBA1B2A3286007C090E = {
			isa = PBXGroup;
			children = (
				882F7DC51B2A3286007C090E /* PongWatch */,
				882F7DDA1B2A3287007C090E /* PongWatchTests */,
				882F7DE51B2A3287007C090E /* PongWatchUITests */,
				882F7DEF1B2A3287007C090E /* PongWatch WatchKit App */,
				882F7DFE1B2A3287007C090E /* PongWatch WatchKit Extension */,
				882F7DC41B2A3286007C090E /* Products */,
			);
			sourceTree = "<group>";
		};
		882F7DC41B2A3286007C090E /* Products */ = {
			isa = PBXGroup;
			children = (
				882F7DC31B2A3286007C090E /* PongWatch.app */,
				882F7DD71B2A3287007C090E /* PongWatchTests.xctest */,
				882F7DE21B2A3287007C090E /* PongWatchUITests.xctest */,
				882F7DEB1B2A3287007C090E /* PongWatch WatchKit App.app */,
				882F7DFA1B2A3287007C090E /* PongWatch WatchKit Extension.appex */,
			);
			name = Products;
			sourceTree = "<group>";
		};
		882F7DC51B2A3286007C090E /* PongWatch */ = {
			isa = PBXGroup;
			children = (
				882F7DC61B2A3286007C090E /* AppDelegate.swift */,
				882F7DC81B2A3286007C090E /* ViewController.swift */,
				882F7DCA1B2A3286007C090E /* Main.storyboard */,
				882F7DCD1B2A3286007C090E /* Assets.xcassets */,
				882F7DCF1B2A3287007C090E /* LaunchScreen.storyboard */,
				882F7DD21B2A3287007C090E /* Info.plist */,
			);
			path = PongWatch;
			sourceTree = "<group>";
		};
		882F7DDA1B2A3287007C090E /* PongWatchTests */ = {
			isa = PBXGroup;
			children = (
				882F7DDB1B2A3287007C090E /* PongWatchTests.swift */,
				882F7DDD1B2A3287007C090E /* Info.plist */,
			);
			path = PongWatchTests;
			sourceTree = "<group>";
		};
		882F7DE51B2A3287007C090E /* PongWatchUITests */ = {
			isa = PBXGroup;
			children = (
				882F7DE61B2A3287007C090E /* PongWatchUITests.swift */,
				882F7DE81B2A3287007C090E /* Info.plist */,
			);
			path = PongWatchUITests;
			sourceTree = "<group>";
		};
		882F7DEF1B2A3287007C090E /* PongWatch WatchKit App */ = {
			isa = PBXGroup;
			children = (
				882F7DF01B2A3287007C090E /* Interface.storyboard */,
				882F7DF31B2A3287007C090E /* Assets.xcassets */,
				882F7DF51B2A3287007C090E /* Info.plist */,
			);
			path = "PongWatch WatchKit App";
			sourceTree = "<group>";
		};
		882F7DFE1B2A3287007C090E /* PongWatch WatchKit Extension */ = {
			isa = PBXGroup;
			children = (
				882F7E011B2A3287007C090E /* InterfaceController.swift */,
				8833A9741B2B9342006EC2B4 /* Utilities.swift */,
				882F7E031B2A3287007C090E /* ExtensionDelegate.swift */,
				882F7E051B2A3287007C090E /* NotificationController.swift */,
				882F7E071B2A3287007C090E /* Assets.xcassets */,
				882F7E091B2A3287007C090E /* Info.plist */,
				882F7DFF1B2A3287007C090E /* Supporting Files */,
			);
			path = "PongWatch WatchKit Extension";
			sourceTree = "<group>";
		};
		882F7DFF1B2A3287007C090E /* Supporting Files */ = {
			isa = PBXGroup;
			children = (
				882F7E001B2A3287007C090E /* PushNotificationPayload.apns */,
			);
			name = "Supporting Files";
			sourceTree = "<group>";
		};
/* End PBXGroup section */

/* Begin PBXNativeTarget section */
		882F7DC21B2A3286007C090E /* PongWatch */ = {
			isa = PBXNativeTarget;
			buildConfigurationList = 882F7E141B2A3287007C090E /* Build configuration list for PBXNativeTarget "PongWatch" */;
			buildPhases = (
				882F7DBF1B2A3286007C090E /* Sources */,
				882F7DC01B2A3286007C090E /* Frameworks */,
				882F7DC11B2A3286007C090E /* Resources */,
				882F7E131B2A3287007C090E /* Embed Watch Content */,
			);
			buildRules = (
			);
			dependencies = (
				882F7DEE1B2A3287007C090E /* PBXTargetDependency */,
			);
			name = PongWatch;
			productName = PongWatch;
			productReference = 882F7DC31B2A3286007C090E /* PongWatch.app */;
			productType = "com.apple.product-type.application";
		};
		882F7DD61B2A3287007C090E /* PongWatchTests */ = {
			isa = PBXNativeTarget;
			buildConfigurationList = 882F7E171B2A3287007C090E /* Build configuration list for PBXNativeTarget "PongWatchTests" */;
			buildPhases = (
				882F7DD31B2A3287007C090E /* Sources */,
				882F7DD41B2A3287007C090E /* Frameworks */,
				882F7DD51B2A3287007C090E /* Resources */,
			);
			buildRules = (
			);
			dependencies = (
				882F7DD91B2A3287007C090E /* PBXTargetDependency */,
			);
			name = PongWatchTests;
			productName = PongWatchTests;
			productReference = 882F7DD71B2A3287007C090E /* PongWatchTests.xctest */;
			productType = "com.apple.product-type.bundle.unit-test";
		};
		882F7DE11B2A3287007C090E /* PongWatchUITests */ = {
			isa = PBXNativeTarget;
			buildConfigurationList = 882F7E1A1B2A3287007C090E /* Build configuration list for PBXNativeTarget "PongWatchUITests" */;
			buildPhases = (
				882F7DDE1B2A3287007C090E /* Sources */,
				882F7DDF1B2A3287007C090E /* Frameworks */,
				882F7DE01B2A3287007C090E /* Resources */,
			);
			buildRules = (
			);
			dependencies = (
				882F7DE41B2A3287007C090E /* PBXTargetDependency */,
			);
			name = PongWatchUITests;
			productName = PongWatchUITests;
			productReference = 882F7DE21B2A3287007C090E /* PongWatchUITests.xctest */;
			productType = "com.apple.product-type.bundle.ui-testing";
		};
		882F7DEA1B2A3287007C090E /* PongWatch WatchKit App */ = {
			isa = PBXNativeTarget;
			buildConfigurationList = 882F7E101B2A3287007C090E /* Build configuration list for PBXNativeTarget "PongWatch WatchKit App" */;
			buildPhases = (
				882F7DE91B2A3287007C090E /* Resources */,
				882F7E0F1B2A3287007C090E /* Embed App Extensions */,
			);
			buildRules = (
			);
			dependencies = (
				882F7DFD1B2A3287007C090E /* PBXTargetDependency */,
			);
			name = "PongWatch WatchKit App";
			productName = "PongWatch WatchKit App";
			productReference = 882F7DEB1B2A3287007C090E /* PongWatch WatchKit App.app */;
			productType = "com.apple.product-type.application.watchapp2";
		};
		882F7DF91B2A3287007C090E /* PongWatch WatchKit Extension */ = {
			isa = PBXNativeTarget;
			buildConfigurationList = 882F7E0C1B2A3287007C090E /* Build configuration list for PBXNativeTarget "PongWatch WatchKit Extension" */;
			buildPhases = (
				882F7DF61B2A3287007C090E /* Sources */,
				882F7DF71B2A3287007C090E /* Frameworks */,
				882F7DF81B2A3287007C090E /* Resources */,
			);
			buildRules = (
			);
			dependencies = (
			);
			name = "PongWatch WatchKit Extension";
			productName = "PongWatch WatchKit Extension";
			productReference = 882F7DFA1B2A3287007C090E /* PongWatch WatchKit Extension.appex */;
			productType = "com.apple.product-type.watchkit2-extension";
		};
/* End PBXNativeTarget section */

/* Begin PBXProject section */
		882F7DBB1B2A3286007C090E /* Project object */ = {
			isa = PBXProject;
			attributes = {
				LastUpgradeCheck = 0700;
				ORGANIZATIONNAME = "Andrew H";
				TargetAttributes = {
					882F7DC21B2A3286007C090E = {
						CreatedOnToolsVersion = 7.0;
					};
					882F7DD61B2A3287007C090E = {
						CreatedOnToolsVersion = 7.0;
						TestTargetID = 882F7DC21B2A3286007C090E;
					};
					882F7DE11B2A3287007C090E = {
						CreatedOnToolsVersion = 7.0;
						TestTargetID = 882F7DC21B2A3286007C090E;
					};
					882F7DEA1B2A3287007C090E = {
						CreatedOnToolsVersion = 7.0;
					};
					882F7DF91B2A3287007C090E = {
						CreatedOnToolsVersion = 7.0;
					};
				};
			};
			buildConfigurationList = 882F7DBE1B2A3286007C090E /* Build configuration list for PBXProject "PongWatch" */;
			compatibilityVersion = "Xcode 3.2";
			developmentRegion = English;
			hasScannedForEncodings = 0;
			knownRegions = (
				en,
				Base,
			);
			mainGroup = 882F7DBA1B2A3286007C090E;
			productRefGroup = 882F7DC41B2A3286007C090E /* Products */;
			projectDirPath = "";
			projectRoot = "";
			targets = (
				882F7DC21B2A3286007C090E /* PongWatch */,
				882F7DD61B2A3287007C090E /* PongWatchTests */,
				882F7DE11B2A3287007C090E /* PongWatchUITests */,
				882F7DEA1B2A3287007C090E /* PongWatch WatchKit App */,
				882F7DF91B2A3287007C090E /* PongWatch WatchKit Extension */,
			);
		};
/* End PBXProject section */

/* Begin PBXResourcesBuildPhase section */
		882F7DC11B2A3286007C090E /* Resources */ = {
			isa = PBXResourcesBuildPhase;
			buildActionMask = 2147483647;
			files = (
				882F7DD11B2A3287007C090E /* LaunchScreen.storyboard in Resources */,
				882F7DCE1B2A3286007C090E /* Assets.xcassets in Resources */,
				882F7DCC1B2A3286007C090E /* Main.storyboard in Resources */,
			);
			runOnlyForDeploymentPostprocessing = 0;
		};
		882F7DD51B2A3287007C090E /* Resources */ = {
			isa = PBXResourcesBuildPhase;
			buildActionMask = 2147483647;
			files = (
			);
			runOnlyForDeploymentPostprocessing = 0;
		};
		882F7DE01B2A3287007C090E /* Resources */ = {
			isa = PBXResourcesBuildPhase;
			buildActionMask = 2147483647;
			files = (
			);
			runOnlyForDeploymentPostprocessing = 0;
		};
		882F7DE91B2A3287007C090E /* Resources */ = {
			isa = PBXResourcesBuildPhase;
			buildActionMask = 2147483647;
			files = (
				882F7DF41B2A3287007C090E /* Assets.xcassets in Resources */,
				882F7DF21B2A3287007C090E /* Interface.storyboard in Resources */,
			);
			runOnlyForDeploymentPostprocessing = 0;
		};
		882F7DF81B2A3287007C090E /* Resources */ = {
			isa = PBXResourcesBuildPhase;
			buildActionMask = 2147483647;
			files = (
				882F7E081B2A3287007C090E /* Assets.xcassets in Resources */,
			);
			runOnlyForDeploymentPostprocessing = 0;
		};
/* End PBXResourcesBuildPhase section */

/* Begin PBXSourcesBuildPhase section */
		882F7DBF1B2A3286007C090E /* Sources */ = {
			isa = PBXSourcesBuildPhase;
			buildActionMask = 2147483647;
			files = (
				882F7DC91B2A3286007C090E /* ViewController.swift in Sources */,
				882F7DC71B2A3286007C090E /* AppDelegate.swift in Sources */,
			);
			runOnlyForDeploymentPostprocessing = 0;
		};
		882F7DD31B2A3287007C090E /* Sources */ = {
			isa = PBXSourcesBuildPhase;
			buildActionMask = 2147483647;
			files = (
				882F7DDC1B2A3287007C090E /* PongWatchTests.swift in Sources */,
			);
			runOnlyForDeploymentPostprocessing = 0;
		};
		882F7DDE1B2A3287007C090E /* Sources */ = {
			isa = PBXSourcesBuildPhase;
			buildActionMask = 2147483647;
			files = (
				882F7DE71B2A3287007C090E /* PongWatchUITests.swift in Sources */,
			);
			runOnlyForDeploymentPostprocessing = 0;
		};
		882F7DF61B2A3287007C090E /* Sources */ = {
			isa = PBXSourcesBuildPhase;
			buildActionMask = 2147483647;
			files = (
				882F7E061B2A3287007C090E /* NotificationController.swift in Sources */,
				882F7E041B2A3287007C090E /* ExtensionDelegate.swift in Sources */,
				8833A9751B2B9342006EC2B4 /* Utilities.swift in Sources */,
				882F7E021B2A3287007C090E /* InterfaceController.swift in Sources */,
			);
			runOnlyForDeploymentPostprocessing = 0;
		};
/* End PBXSourcesBuildPhase section */

/* Begin PBXTargetDependency section */
		882F7DD91B2A3287007C090E /* PBXTargetDependency */ = {
			isa = PBXTargetDependency;
			target = 882F7DC21B2A3286007C090E /* PongWatch */;
			targetProxy = 882F7DD81B2A3287007C090E /* PBXContainerItemProxy */;
		};
		882F7DE41B2A3287007C090E /* PBXTargetDependency */ = {
			isa = PBXTargetDependency;
			target = 882F7DC21B2A3286007C090E /* PongWatch */;
			targetProxy = 882F7DE31B2A3287007C090E /* PBXContainerItemProxy */;
		};
		882F7DEE1B2A3287007C090E /* PBXTargetDependency */ = {
			isa = PBXTargetDependency;
			target = 882F7DEA1B2A3287007C090E /* PongWatch WatchKit App */;
			targetProxy = 882F7DED1B2A3287007C090E /* PBXContainerItemProxy */;
		};
		882F7DFD1B2A3287007C090E /* PBXTargetDependency */ = {
			isa = PBXTargetDependency;
			target = 882F7DF91B2A3287007C090E /* PongWatch WatchKit Extension */;
			targetProxy = 882F7DFC1B2A3287007C090E /* PBXContainerItemProxy */;
		};
/* End PBXTargetDependency section */

/* Begin PBXVariantGroup section */
		882F7DCA1B2A3286007C090E /* Main.storyboard */ = {
			isa = PBXVariantGroup;
			children = (
				882F7DCB1B2A3286007C090E /* Base */,
			);
			name = Main.storyboard;
			sourceTree = "<group>";
		};
		882F7DCF1B2A3287007C090E /* LaunchScreen.storyboard */ = {
			isa = PBXVariantGroup;
			children = (
				882F7DD01B2A3287007C090E /* Base */,
			);
			name = LaunchScreen.storyboard;
			sourceTree = "<group>";
		};
		882F7DF01B2A3287007C090E /* Interface.storyboard */ = {
			isa = PBXVariantGroup;
			children = (
				882F7DF11B2A3287007C090E /* Base */,
			);
			name = Interface.storyboard;
			sourceTree = "<group>";
		};
/* End PBXVariantGroup section */

/* Begin XCBuildConfiguration section */
		882F7E0A1B2A3287007C090E /* Debug */ = {
			isa = XCBuildConfiguration;
			buildSettings = {
				ALWAYS_SEARCH_USER_PATHS = NO;
				CLANG_CXX_LANGUAGE_STANDARD = "gnu++0x";
				CLANG_CXX_LIBRARY = "libc++";
				CLANG_ENABLE_MODULES = YES;
				CLANG_ENABLE_OBJC_ARC = YES;
				CLANG_WARN_BOOL_CONVERSION = YES;
				CLANG_WARN_CONSTANT_CONVERSION = YES;
				CLANG_WARN_DIRECT_OBJC_ISA_USAGE = YES_ERROR;
				CLANG_WARN_EMPTY_BODY = YES;
				CLANG_WARN_ENUM_CONVERSION = YES;
				CLANG_WARN_INT_CONVERSION = YES;
				CLANG_WARN_OBJC_ROOT_CLASS = YES_ERROR;
				CLANG_WARN_UNREACHABLE_CODE = YES;
				CLANG_WARN__DUPLICATE_METHOD_MATCH = YES;
				"CODE_SIGN_IDENTITY[sdk=iphoneos*]" = "iPhone Developer";
				COPY_PHASE_STRIP = NO;
				DEBUG_INFORMATION_FORMAT = dwarf;
				ENABLE_STRICT_OBJC_MSGSEND = YES;
				ENABLE_TESTABILITY = YES;
				GCC_C_LANGUAGE_STANDARD = gnu99;
				GCC_DYNAMIC_NO_PIC = NO;
				GCC_NO_COMMON_BLOCKS = YES;
				GCC_OPTIMIZATION_LEVEL = 0;
				GCC_PREPROCESSOR_DEFINITIONS = (
					"DEBUG=1",
					"$(inherited)",
				);
				GCC_WARN_64_TO_32_BIT_CONVERSION = YES;
				GCC_WARN_ABOUT_RETURN_TYPE = YES_ERROR;
				GCC_WARN_UNDECLARED_SELECTOR = YES;
				GCC_WARN_UNINITIALIZED_AUTOS = YES_AGGRESSIVE;
				GCC_WARN_UNUSED_FUNCTION = YES;
				GCC_WARN_UNUSED_VARIABLE = YES;
				IPHONEOS_DEPLOYMENT_TARGET = 9.0;
				MTL_ENABLE_DEBUG_INFO = YES;
				ONLY_ACTIVE_ARCH = YES;
				SDKROOT = iphoneos;
				SWIFT_OPTIMIZATION_LEVEL = "-Onone";
				TARGETED_DEVICE_FAMILY = "1,2";
			};
			name = Debug;
		};
		882F7E0B1B2A3287007C090E /* Release */ = {
			isa = XCBuildConfiguration;
			buildSettings = {
				ALWAYS_SEARCH_USER_PATHS = NO;
				CLANG_CXX_LANGUAGE_STANDARD = "gnu++0x";
				CLANG_CXX_LIBRARY = "libc++";
				CLANG_ENABLE_MODULES = YES;
				CLANG_ENABLE_OBJC_ARC = YES;
				CLANG_WARN_BOOL_CONVERSION = YES;
				CLANG_WARN_CONSTANT_CONVERSION = YES;
				CLANG_WARN_DIRECT_OBJC_ISA_USAGE = YES_ERROR;
				CLANG_WARN_EMPTY_BODY = YES;
				CLANG_WARN_ENUM_CONVERSION = YES;
				CLANG_WARN_INT_CONVERSION = YES;
				CLANG_WARN_OBJC_ROOT_CLASS = YES_ERROR;
				CLANG_WARN_UNREACHABLE_CODE = YES;
				CLANG_WARN__DUPLICATE_METHOD_MATCH = YES;
				"CODE_SIGN_IDENTITY[sdk=iphoneos*]" = "iPhone Developer";
				COPY_PHASE_STRIP = NO;
				DEBUG_INFORMATION_FORMAT = "dwarf-with-dsym";
				ENABLE_NS_ASSERTIONS = NO;
				ENABLE_STRICT_OBJC_MSGSEND = YES;
				GCC_C_LANGUAGE_STANDARD = gnu99;
				GCC_NO_COMMON_BLOCKS = YES;
				GCC_WARN_64_TO_32_BIT_CONVERSION = YES;
				GCC_WARN_ABOUT_RETURN_TYPE = YES_ERROR;
				GCC_WARN_UNDECLARED_SELECTOR = YES;
				GCC_WARN_UNINITIALIZED_AUTOS = YES_AGGRESSIVE;
				GCC_WARN_UNUSED_FUNCTION = YES;
				GCC_WARN_UNUSED_VARIABLE = YES;
				IPHONEOS_DEPLOYMENT_TARGET = 9.0;
				MTL_ENABLE_DEBUG_INFO = NO;
				SDKROOT = iphoneos;
				TARGETED_DEVICE_FAMILY = "1,2";
				VALIDATE_PRODUCT = YES;
			};
			name = Release;
		};
		882F7E0D1B2A3287007C090E /* Debug */ = {
			isa = XCBuildConfiguration;
			buildSettings = {
				"CODE_SIGN_IDENTITY[sdk=watchos*]" = "iPhone Developer";
				INFOPLIST_FILE = "PongWatch WatchKit Extension/Info.plist";
				LD_RUNPATH_SEARCH_PATHS = "$(inherited) @executable_path/Frameworks @executable_path/../../Frameworks";
				PRODUCT_BUNDLE_IDENTIFIER = com.andrewhaberlandt.PongWatch.watchkitapp.watchkitextension;
				PRODUCT_NAME = "${TARGET_NAME}";
				SDKROOT = watchos;
				SKIP_INSTALL = YES;
				TARGETED_DEVICE_FAMILY = 4;
				WATCHOS_DEPLOYMENT_TARGET = 2.0;
			};
			name = Debug;
		};
		882F7E0E1B2A3287007C090E /* Release */ = {
			isa = XCBuildConfiguration;
			buildSettings = {
				"CODE_SIGN_IDENTITY[sdk=watchos*]" = "iPhone Developer";
				INFOPLIST_FILE = "PongWatch WatchKit Extension/Info.plist";
				LD_RUNPATH_SEARCH_PATHS = "$(inherited) @executable_path/Frameworks @executable_path/../../Frameworks";
				PRODUCT_BUNDLE_IDENTIFIER = com.andrewhaberlandt.PongWatch.watchkitapp.watchkitextension;
				PRODUCT_NAME = "${TARGET_NAME}";
				SDKROOT = watchos;
				SKIP_INSTALL = YES;
				TARGETED_DEVICE_FAMILY = 4;
				WATCHOS_DEPLOYMENT_TARGET = 2.0;
			};
			name = Release;
		};
		882F7E111B2A3287007C090E /* Debug */ = {
			isa = XCBuildConfiguration;
			buildSettings = {
				ASSETCATALOG_COMPILER_APPICON_NAME = AppIcon;
				"CODE_SIGN_IDENTITY[sdk=watchos*]" = "iPhone Developer";
				EMBEDDED_CONTENT_CONTAINS_SWIFT = YES;
				IBSC_MODULE = PongWatch_WatchKit_Extension;
				INFOPLIST_FILE = "PongWatch WatchKit App/Info.plist";
				PRODUCT_BUNDLE_IDENTIFIER = com.andrewhaberlandt.PongWatch.watchkitapp;
				PRODUCT_NAME = "$(TARGET_NAME)";
				SDKROOT = watchos;
				SKIP_INSTALL = YES;
				TARGETED_DEVICE_FAMILY = 4;
				WATCHOS_DEPLOYMENT_TARGET = 2.0;
			};
			name = Debug;
		};
		882F7E121B2A3287007C090E /* Release */ = {
			isa = XCBuildConfiguration;
			buildSettings = {
				ASSETCATALOG_COMPILER_APPICON_NAME = AppIcon;
				"CODE_SIGN_IDENTITY[sdk=watchos*]" = "iPhone Developer";
				EMBEDDED_CONTENT_CONTAINS_SWIFT = YES;
				IBSC_MODULE = PongWatch_WatchKit_Extension;
				INFOPLIST_FILE = "PongWatch WatchKit App/Info.plist";
				PRODUCT_BUNDLE_IDENTIFIER = com.andrewhaberlandt.PongWatch.watchkitapp;
				PRODUCT_NAME = "$(TARGET_NAME)";
				SDKROOT = watchos;
				SKIP_INSTALL = YES;
				TARGETED_DEVICE_FAMILY = 4;
				WATCHOS_DEPLOYMENT_TARGET = 2.0;
			};
			name = Release;
		};
		882F7E151B2A3287007C090E /* Debug */ = {
			isa = XCBuildConfiguration;
			buildSettings = {
				ASSETCATALOG_COMPILER_APPICON_NAME = AppIcon;
				INFOPLIST_FILE = PongWatch/Info.plist;
				LD_RUNPATH_SEARCH_PATHS = "$(inherited) @executable_path/Frameworks";
				PRODUCT_BUNDLE_IDENTIFIER = com.andrewhaberlandt.PongWatch;
				PRODUCT_NAME = "$(TARGET_NAME)";
			};
			name = Debug;
		};
		882F7E161B2A3287007C090E /* Release */ = {
			isa = XCBuildConfiguration;
			buildSettings = {
				ASSETCATALOG_COMPILER_APPICON_NAME = AppIcon;
				INFOPLIST_FILE = PongWatch/Info.plist;
				LD_RUNPATH_SEARCH_PATHS = "$(inherited) @executable_path/Frameworks";
				PRODUCT_BUNDLE_IDENTIFIER = com.andrewhaberlandt.PongWatch;
				PRODUCT_NAME = "$(TARGET_NAME)";
			};
			name = Release;
		};
		882F7E181B2A3287007C090E /* Debug */ = {
			isa = XCBuildConfiguration;
			buildSettings = {
				BUNDLE_LOADER = "$(TEST_HOST)";
				INFOPLIST_FILE = PongWatchTests/Info.plist;
				LD_RUNPATH_SEARCH_PATHS = "$(inherited) @executable_path/Frameworks @loader_path/Frameworks";
				PRODUCT_BUNDLE_IDENTIFIER = com.andrewhaberlandt.PongWatchTests;
				PRODUCT_NAME = "$(TARGET_NAME)";
				TEST_HOST = "$(BUILT_PRODUCTS_DIR)/PongWatch.app/PongWatch";
			};
			name = Debug;
		};
		882F7E191B2A3287007C090E /* Release */ = {
			isa = XCBuildConfiguration;
			buildSettings = {
				BUNDLE_LOADER = "$(TEST_HOST)";
				INFOPLIST_FILE = PongWatchTests/Info.plist;
				LD_RUNPATH_SEARCH_PATHS = "$(inherited) @executable_path/Frameworks @loader_path/Frameworks";
				PRODUCT_BUNDLE_IDENTIFIER = com.andrewhaberlandt.PongWatchTests;
				PRODUCT_NAME = "$(TARGET_NAME)";
				TEST_HOST = "$(BUILT_PRODUCTS_DIR)/PongWatch.app/PongWatch";
			};
			name = Release;
		};
		882F7E1B1B2A3287007C090E /* Debug */ = {
			isa = XCBuildConfiguration;
			buildSettings = {
				INFOPLIST_FILE = PongWatchUITests/Info.plist;
				LD_RUNPATH_SEARCH_PATHS = "$(inherited) @executable_path/Frameworks @loader_path/Frameworks";
				PRODUCT_BUNDLE_IDENTIFIER = com.andrewhaberlandt.PongWatchUITests;
				PRODUCT_NAME = "$(TARGET_NAME)";
				TEST_TARGET_NAME = PongWatch;
				USES_XCTRUNNER = YES;
			};
			name = Debug;
		};
		882F7E1C1B2A3287007C090E /* Release */ = {
			isa = XCBuildConfiguration;
			buildSettings = {
				INFOPLIST_FILE = PongWatchUITests/Info.plist;
				LD_RUNPATH_SEARCH_PATHS = "$(inherited) @executable_path/Frameworks @loader_path/Frameworks";
				PRODUCT_BUNDLE_IDENTIFIER = com.andrewhaberlandt.PongWatchUITests;
				PRODUCT_NAME = "$(TARGET_NAME)";
				TEST_TARGET_NAME = PongWatch;
				USES_XCTRUNNER = YES;
			};
			name = Release;
		};
/* End XCBuildConfiguration section */

/* Begin XCConfigurationList section */
		882F7DBE1B2A3286007C090E /* Build configuration list for PBXProject "PongWatch" */ = {
			isa = XCConfigurationList;
			buildConfigurations = (
				882F7E0A1B2A3287007C090E /* Debug */,
				882F7E0B1B2A3287007C090E /* Release */,
			);
			defaultConfigurationIsVisible = 0;
			defaultConfigurationName = Release;
		};
		882F7E0C1B2A3287007C090E /* Build configuration list for PBXNativeTarget "PongWatch WatchKit Extension" */ = {
			isa = XCConfigurationList;
			buildConfigurations = (
				882F7E0D1B2A3287007C090E /* Debug */,
				882F7E0E1B2A3287007C090E /* Release */,
			);
			defaultConfigurationIsVisible = 0;
			defaultConfigurationName = Release;
		};
		882F7E101B2A3287007C090E /* Build configuration list for PBXNativeTarget "PongWatch WatchKit App" */ = {
			isa = XCConfigurationList;
			buildConfigurations = (
				882F7E111B2A3287007C090E /* Debug */,
				882F7E121B2A3287007C090E /* Release */,
			);
			defaultConfigurationIsVisible = 0;
			defaultConfigurationName = Release;
		};
		882F7E141B2A3287007C090E /* Build configuration list for PBXNativeTarget "PongWatch" */ = {
			isa = XCConfigurationList;
			buildConfigurations = (
				882F7E151B2A3287007C090E /* Debug */,
				882F7E161B2A3287007C090E /* Release */,
			);
			defaultConfigurationIsVisible = 0;
			defaultConfigurationName = Release;
		};
		882F7E171B2A3287007C090E /* Build configuration list for PBXNativeTarget "PongWatchTests" */ = {
			isa = XCConfigurationList;
			buildConfigurations = (
				882F7E181B2A3287007C090E /* Debug */,
				882F7E191B2A3287007C090E /* Release */,
			);
			defaultConfigurationIsVisible = 0;
			defaultConfigurationName = Release;
		};
		882F7E1A1B2A3287007C090E /* Build configuration list for PBXNativeTarget "PongWatchUITests" */ = {
			isa = XCConfigurationList;
			buildConfigurations = (
				882F7E1B1B2A3287007C090E /* Debug */,
				882F7E1C1B2A3287007C090E /* Release */,
			);
			defaultConfigurationIsVisible = 0;
			defaultConfigurationName = Release;
		};
/* End XCConfigurationList section */
	};
	rootObject = 882F7DBB1B2A3286007C090E /* Project object */;
}
